
Microsoft Visual Studio Solution File, Format Version 12.00
# Visual Studio 14
VisualStudioVersion = 14.0.25123.0
MinimumVisualStudioVersion = 10.0.40219.1
Project("{00D1A9C2-B5F0-4AF3-8072-F6C62B433612}") = "SurfNPaddleBlog_DB", "SurfNPaddleBlog_DB\SurfNPaddleBlog_DB.sqlproj", "{E8BA74C6-8055-4BA3-883B-B7FC6990B818}"
EndProject
Project("{FAE04EC0-301F-11D3-BF4B-00C04F79EFBC}") = "SurfNPaddleBlog_WEB", "SurfNPaddleBlog_WEB\SurfNPaddleBlog_WEB.csproj", "{5309C2C1-8C2C-4B31-81E7-5C4E03E3B169}"
EndProject
Global
	GlobalSection(SolutionConfigurationPlatforms) = preSolution
		Debug|Any CPU = Debug|Any CPU
		Release|Any CPU = Release|Any CPU
	EndGlobalSection
	GlobalSection(ProjectConfigurationPlatforms) = postSolution
		{E8BA74C6-8055-4BA3-883B-B7FC6990B818}.Debug|Any CPU.ActiveCfg = Debug|Any CPU
		{E8BA74C6-8055-4BA3-883B-B7FC6990B818}.Debug|Any CPU.Build.0 = Debug|Any CPU
		{E8BA74C6-8055-4BA3-883B-B7FC6990B818}.Debug|Any CPU.Deploy.0 = Debug|Any CPU
		{E8BA74C6-8055-4BA3-883B-B7FC6990B818}.Release|Any CPU.ActiveCfg = Release|Any CPU
		{E8BA74C6-8055-4BA3-883B-B7FC6990B818}.Release|Any CPU.Build.0 = Release|Any CPU
		{E8BA74C6-8055-4BA3-883B-B7FC6990B818}.Release|Any CPU.Deploy.0 = Release|Any CPU
		{5309C2C1-8C2C-4B31-81E7-5C4E03E3B169}.Debug|Any CPU.ActiveCfg = Debug|Any CPU
		{5309C2C1-8C2C-4B31-81E7-5C4E03E3B169}.Debug|Any CPU.Build.0 = Debug|Any CPU
		{5309C2C1-8C2C-4B31-81E7-5C4E03E3B169}.Release|Any CPU.ActiveCfg = Release|Any CPU
		{5309C2C1-8C2C-4B31-81E7-5C4E03E3B169}.Release|Any CPU.Build.0 = Release|Any CPU
	EndGlobalSection
	GlobalSection(SolutionProperties) = preSolution
		HideSolutionNode = FALSE
	EndGlobalSection
	GlobalSection(ExtensibilityGlobals) = postSolution
		EnterpriseLibraryConfigurationToolBinariesPathV6 = packages\EnterpriseLibrary.Common.6.0.1304.0\lib\NET45;packages\EnterpriseLibrary.Data.6.0.1304.0\lib\NET45
	EndGlobalSection
EndGlobal
