
Microsoft Visual Studio Solution File, Format Version 12.00
# Visual Studio 14
VisualStudioVersion = 14.0.25123.0
MinimumVisualStudioVersion = 10.0.40219.1
Project("{00D1A9C2-B5F0-4AF3-8072-F6C62B433612}") = "AlbumsAndArtists_DB_Week4", "AlbumsAndArtists_DB_Week4\AlbumsAndArtists_DB_Week4.sqlproj", "{CBF23890-73AD-4E71-A5EF-94F29D4441F6}"
EndProject
Project("{FAE04EC0-301F-11D3-BF4B-00C04F79EFBC}") = "AlbumsAndArtist_WEB_Week4", "AlbumsAndArtist_WEB_Week4\AlbumsAndArtist_WEB_Week4.csproj", "{89FDE30C-005D-4702-8233-A6A882D4751B}"
EndProject
Global
	GlobalSection(SolutionConfigurationPlatforms) = preSolution
		Debug|Any CPU = Debug|Any CPU
		Release|Any CPU = Release|Any CPU
	EndGlobalSection
	GlobalSection(ProjectConfigurationPlatforms) = postSolution
		{CBF23890-73AD-4E71-A5EF-94F29D4441F6}.Debug|Any CPU.ActiveCfg = Debug|Any CPU
		{CBF23890-73AD-4E71-A5EF-94F29D4441F6}.Debug|Any CPU.Build.0 = Debug|Any CPU
		{CBF23890-73AD-4E71-A5EF-94F29D4441F6}.Debug|Any CPU.Deploy.0 = Debug|Any CPU
		{CBF23890-73AD-4E71-A5EF-94F29D4441F6}.Release|Any CPU.ActiveCfg = Release|Any CPU
		{CBF23890-73AD-4E71-A5EF-94F29D4441F6}.Release|Any CPU.Build.0 = Release|Any CPU
		{CBF23890-73AD-4E71-A5EF-94F29D4441F6}.Release|Any CPU.Deploy.0 = Release|Any CPU
		{89FDE30C-005D-4702-8233-A6A882D4751B}.Debug|Any CPU.ActiveCfg = Debug|Any CPU
		{89FDE30C-005D-4702-8233-A6A882D4751B}.Debug|Any CPU.Build.0 = Debug|Any CPU
		{89FDE30C-005D-4702-8233-A6A882D4751B}.Release|Any CPU.ActiveCfg = Release|Any CPU
		{89FDE30C-005D-4702-8233-A6A882D4751B}.Release|Any CPU.Build.0 = Release|Any CPU
	EndGlobalSection
	GlobalSection(SolutionProperties) = preSolution
		HideSolutionNode = FALSE
	EndGlobalSection
	GlobalSection(ExtensibilityGlobals) = postSolution
		EnterpriseLibraryConfigurationToolBinariesPathV6 = packages\EnterpriseLibrary.Common.6.0.1304.0\lib\NET45;packages\EnterpriseLibrary.Data.6.0.1304.0\lib\NET45
	EndGlobalSection
EndGlobal
